
Microsoft Visual Studio Solution File, Format Version 12.00
# Visual Studio Version 17
VisualStudioVersion = 17.7.34302.85
MinimumVisualStudioVersion = 10.0.40219.1
Project("{FAE04EC0-301F-11D3-BF4B-00C04F79EFBC}") = "TodoAppBlazorServer", "TodoAppBlazorServer.csproj", "{FD98DD0F-60FD-4EE4-81C3-48330927205D}"
EndProject
Global
	GlobalSection(SolutionConfigurationPlatforms) = preSolution
		Debug|Any CPU = Debug|Any CPU
		Release|Any CPU = Release|Any CPU
	EndGlobalSection
	GlobalSection(ProjectConfigurationPlatforms) = postSolution
		{FD98DD0F-60FD-4EE4-81C3-48330927205D}.Debug|Any CPU.ActiveCfg = Debug|Any CPU
		{FD98DD0F-60FD-4EE4-81C3-48330927205D}.Debug|Any CPU.Build.0 = Debug|Any CPU
		{FD98DD0F-60FD-4EE4-81C3-48330927205D}.Release|Any CPU.ActiveCfg = Release|Any CPU
		{FD98DD0F-60FD-4EE4-81C3-48330927205D}.Release|Any CPU.Build.0 = Release|Any CPU
	EndGlobalSection
	GlobalSection(SolutionProperties) = preSolution
		HideSolutionNode = FALSE
	EndGlobalSection
	GlobalSection(ExtensibilityGlobals) = postSolution
		SolutionGuid = {56FB2058-254B-487D-958B-9531C1E0D459}
	EndGlobalSection
EndGlobal
